hash: 623c5e43b042a999859c8710540bbf3a7d69e9b6c1bfa5cdec0348151c82705c
updated: 2016-08-23T21:29:22.144941279+01:00
imports:
- name: cloud.google.com/go
  version: 667e96c2105de5035a927cafb03a7c09ec982d6b
  subpackages:
  - compute/metadata
  - internal
- name: github.com/golang/gddo
  version: 2c3c8d49541ae53a09b7096345a2d26bf69b4646
  subpackages:
  - httputil
  - httputil/header
- name: github.com/julienschmidt/httprouter
  version: 8c199fb6259ffc1af525cc3ad52ee60ba8359669
- name: github.com/Sirupsen/logrus
  version: 4b6ea7319e214d98c938f12692336f7ca9348d6b
- name: github.com/tylerb/graceful
  version: 842f31108f8d3512ce3176d00bf1a32db1d5e3af
- name: golang.org/x/net
  version: 7394c112eae4dba7e96bfcfe738e6373d61772b4
  subpackages:
  - context
  - context/ctxhttp
- name: golang.org/x/sys
  version: a646d33e2ee3172a661fc09bca23bb4889a41bc8
  subpackages:
  - unix
testImports:
- name: github.com/onsi/ginkgo
  version: 462326b1628e124b23f42e87a8f2750e3c4e2d24
  subpackages:
  - config
  - internal/codelocation
  - internal/failer
  - internal/remote
  - internal/suite
  - internal/testingtproxy
  - internal/writer
  - reporters
  - reporters/stenographer
  - types
  - internal/containernode
  - internal/leafnodes
  - internal/spec
  - internal/specrunner
- name: github.com/onsi/gomega
  version: c90bd38f8da6e92f8b114953db2f0ad7361fb4b4
  subpackages:
  - internal/assertion
  - internal/asyncassertion
  - internal/testingtsupport
  - matchers
  - types
  - internal/oraclematcher
  - format
  - matchers/support/goraph/bipartitegraph
  - matchers/support/goraph/edge
  - matchers/support/goraph/node
  - matchers/support/goraph/util
- name: gopkg.in/yaml.v2
  version: e4d366fc3c7938e2958e662b4258c7a89e1f0e3e
