hash: 5ad06c688baaa2866316e46db0d0b420729a0a80b117a159ae175db06d12dee0
updated: 2016-09-21T10:42:27.980114285-07:00
imports:
- name: github.com/golang/gddo
  version: aa8084e58a66f26ac6f479a75f0da68ed2067d4e
  subpackages:
  - httputil
- name: github.com/gorilla/mux
  version: 757bef944d0f21880861c2dd9c871ca543023cba
- name: github.com/julienschmidt/httprouter
  version: 8c199fb6259ffc1af525cc3ad52ee60ba8359669
- name: github.com/Sirupsen/logrus
  version: 4b6ea7319e214d98c938f12692336f7ca9348d6b
- name: github.com/tylerb/graceful
  version: 50a48b6e73fcc75b45e22c05b79629a67c79e938
devImports: []
